// !$*UTF8*$!
{
	archiveVersion = 1;
	classes = {
	};
	objectVersion = 46;
	objects = {

/* Begin PBXBuildFile section */
		0919897F1C665D0400D72DCE /* ErrorInterfaceController.swift in Sources */ = {isa = PBXBuildFile; fileRef = 0919897E1C665D0400D72DCE /* ErrorInterfaceController.swift */; };
		091989811C6672F000D72DCE /* PlatformHelper.swift in Sources */ = {isa = PBXBuildFile; fileRef = 091989801C6672F000D72DCE /* PlatformHelper.swift */; };
		096B98D01C5E6A2F002B620C /* SessionInterfaceController.swift in Sources */ = {isa = PBXBuildFile; fileRef = 096B98CF1C5E6A2F002B620C /* SessionInterfaceController.swift */; };
		096B98D21C5E6C1D002B620C /* TrackSessionManager.swift in Sources */ = {isa = PBXBuildFile; fileRef = 096B98D11C5E6C1D002B620C /* TrackSessionManager.swift */; };
		096B98D41C5E6C47002B620C /* TrackSession.swift in Sources */ = {isa = PBXBuildFile; fileRef = 096B98D31C5E6C47002B620C /* TrackSession.swift */; };
		096B98D61C5E837B002B620C /* DateCompare.swift in Sources */ = {isa = PBXBuildFile; fileRef = 096B98D51C5E837B002B620C /* DateCompare.swift */; };
		097DC2521C84913F0049D187 /* NVActivityIndicatorView.framework in Frameworks */ = {isa = PBXBuildFile; fileRef = 097DC2511C84913E0049D187 /* NVActivityIndicatorView.framework */; };
		097DC2531C8491920049D187 /* NVActivityIndicatorView.framework in Embed Frameworks */ = {isa = PBXBuildFile; fileRef = 097DC2511C84913E0049D187 /* NVActivityIndicatorView.framework */; settings = {ATTRIBUTES = (CodeSignOnCopy, RemoveHeadersOnCopy, ); }; };
		097DC2561C84987C0049D187 /* UIViewControllerIndicator.swift in Sources */ = {isa = PBXBuildFile; fileRef = 097DC2551C84987C0049D187 /* UIViewControllerIndicator.swift */; };
		09D2ED281C56B7EE008A247D /* AppDelegate.swift in Sources */ = {isa = PBXBuildFile; fileRef = 09D2ED271C56B7EE008A247D /* AppDelegate.swift */; };
		09D2ED2D1C56B7EE008A247D /* Main.storyboard in Resources */ = {isa = PBXBuildFile; fileRef = 09D2ED2B1C56B7EE008A247D /* Main.storyboard */; };
		09D2ED2F1C56B7EE008A247D /* Assets.xcassets in Resources */ = {isa = PBXBuildFile; fileRef = 09D2ED2E1C56B7EE008A247D /* Assets.xcassets */; };
		09D2ED321C56B7EE008A247D /* LaunchScreen.storyboard in Resources */ = {isa = PBXBuildFile; fileRef = 09D2ED301C56B7EE008A247D /* LaunchScreen.storyboard */; };
		09D2ED371C56B7EE008A247D /* TracktionProto2 WatchKit App.app in Embed Watch Content */ = {isa = PBXBuildFile; fileRef = 09D2ED361C56B7EE008A247D /* TracktionProto2 WatchKit App.app */; };
		09D2ED3D1C56B7EE008A247D /* Interface.storyboard in Resources */ = {isa = PBXBuildFile; fileRef = 09D2ED3B1C56B7EE008A247D /* Interface.storyboard */; };
		09D2ED3F1C56B7EE008A247D /* Assets.xcassets in Resources */ = {isa = PBXBuildFile; fileRef = 09D2ED3E1C56B7EE008A247D /* Assets.xcassets */; };
		09D2ED461C56B7EF008A247D /* TracktionProto2 WatchKit Extension.appex in Embed App Extensions */ = {isa = PBXBuildFile; fileRef = 09D2ED451C56B7EF008A247D /* TracktionProto2 WatchKit Extension.appex */; settings = {ATTRIBUTES = (RemoveHeadersOnCopy, ); }; };
		09D2ED4B1C56B7EF008A247D /* RecordingInterfaceController.swift in Sources */ = {isa = PBXBuildFile; fileRef = 09D2ED4A1C56B7EF008A247D /* RecordingInterfaceController.swift */; };
		09D2ED4D1C56B7EF008A247D /* ExtensionDelegate.swift in Sources */ = {isa = PBXBuildFile; fileRef = 09D2ED4C1C56B7EF008A247D /* ExtensionDelegate.swift */; };
		09D2ED4F1C56B7EF008A247D /* Assets.xcassets in Resources */ = {isa = PBXBuildFile; fileRef = 09D2ED4E1C56B7EF008A247D /* Assets.xcassets */; };
		09F7350C1C711395002D03F0 /* Realm.framework in Frameworks */ = {isa = PBXBuildFile; fileRef = 09F7350A1C711395002D03F0 /* Realm.framework */; };
		09F7350D1C711395002D03F0 /* Realm.framework in Embed Frameworks */ = {isa = PBXBuildFile; fileRef = 09F7350A1C711395002D03F0 /* Realm.framework */; settings = {ATTRIBUTES = (CodeSignOnCopy, RemoveHeadersOnCopy, ); }; };
		09F7350E1C711395002D03F0 /* RealmSwift.framework in Frameworks */ = {isa = PBXBuildFile; fileRef = 09F7350B1C711395002D03F0 /* RealmSwift.framework */; };
		09F7350F1C711395002D03F0 /* RealmSwift.framework in Embed Frameworks */ = {isa = PBXBuildFile; fileRef = 09F7350B1C711395002D03F0 /* RealmSwift.framework */; settings = {ATTRIBUTES = (CodeSignOnCopy, RemoveHeadersOnCopy, ); }; };
		09F735141C712139002D03F0 /* RealmLayer.swift in Sources */ = {isa = PBXBuildFile; fileRef = 09F735131C712139002D03F0 /* RealmLayer.swift */; };
		09F735171C844C56002D03F0 /* WatchConnectivityLayer.swift in Sources */ = {isa = PBXBuildFile; fileRef = 09F735161C844C56002D03F0 /* WatchConnectivityLayer.swift */; };
		09F7351A1C84583A002D03F0 /* SessionsListVC.swift in Sources */ = {isa = PBXBuildFile; fileRef = 09F735191C84583A002D03F0 /* SessionsListVC.swift */; };
		09F7351C1C845868002D03F0 /* SessionDetailVC.swift in Sources */ = {isa = PBXBuildFile; fileRef = 09F7351B1C845868002D03F0 /* SessionDetailVC.swift */; };
		09F7351F1C845972002D03F0 /* CellSession.swift in Sources */ = {isa = PBXBuildFile; fileRef = 09F7351E1C845972002D03F0 /* CellSession.swift */; };
		09F735211C845998002D03F0 /* CellTrackEvent.swift in Sources */ = {isa = PBXBuildFile; fileRef = 09F735201C845998002D03F0 /* CellTrackEvent.swift */; };
/* End PBXBuildFile section */

/* Begin PBXContainerItemProxy section */
		09D2ED381C56B7EE008A247D /* PBXContainerItemProxy */ = {
			isa = PBXContainerItemProxy;
			containerPortal = 09D2ED1C1C56B7EE008A247D /* Project object */;
			proxyType = 1;
			remoteGlobalIDString = 09D2ED351C56B7EE008A247D;
			remoteInfo = "TracktionProto2 WatchKit App";
		};
		09D2ED471C56B7EF008A247D /* PBXContainerItemProxy */ = {
			isa = PBXContainerItemProxy;
			containerPortal = 09D2ED1C1C56B7EE008A247D /* Project object */;
			proxyType = 1;
			remoteGlobalIDString = 09D2ED441C56B7EF008A247D;
			remoteInfo = "TracktionProto2 WatchKit Extension";
		};
/* End PBXContainerItemProxy section */

/* Begin PBXCopyFilesBuildPhase section */
		09D2ED561C56B7EF008A247D /* Embed App Extensions */ = {
			isa = PBXCopyFilesBuildPhase;
			buildActionMask = 2147483647;
			dstPath = "";
			dstSubfolderSpec = 13;
			files = (
				09D2ED461C56B7EF008A247D /* TracktionProto2 WatchKit Extension.appex in Embed App Extensions */,
			);
			name = "Embed App Extensions";
			runOnlyForDeploymentPostprocessing = 0;
		};
		09D2ED5A1C56B7EF008A247D /* Embed Watch Content */ = {
			isa = PBXCopyFilesBuildPhase;
			buildActionMask = 2147483647;
			dstPath = "$(CONTENTS_FOLDER_PATH)/Watch";
			dstSubfolderSpec = 16;
			files = (
				09D2ED371C56B7EE008A247D /* TracktionProto2 WatchKit App.app in Embed Watch Content */,
			);
			name = "Embed Watch Content";
			runOnlyForDeploymentPostprocessing = 0;
		};
		09F735101C711395002D03F0 /* Embed Frameworks */ = {
			isa = PBXCopyFilesBuildPhase;
			buildActionMask = 2147483647;
			dstPath = "";
			dstSubfolderSpec = 10;
			files = (
				097DC2531C8491920049D187 /* NVActivityIndicatorView.framework in Embed Frameworks */,
				09F7350F1C711395002D03F0 /* RealmSwift.framework in Embed Frameworks */,
				09F7350D1C711395002D03F0 /* Realm.framework in Embed Frameworks */,
			);
			name = "Embed Frameworks";
			runOnlyForDeploymentPostprocessing = 0;
		};
/* End PBXCopyFilesBuildPhase section */

/* Begin PBXFileReference section */
		0919897E1C665D0400D72DCE /* ErrorInterfaceController.swift */ = {isa = PBXFileReference; fileEncoding = 4; lastKnownFileType = sourcecode.swift; path = ErrorInterfaceController.swift; sourceTree = "<group>"; };
		091989801C6672F000D72DCE /* PlatformHelper.swift */ = {isa = PBXFileReference; fileEncoding = 4; lastKnownFileType = sourcecode.swift; path = PlatformHelper.swift; sourceTree = "<group>"; };
		096B98CF1C5E6A2F002B620C /* SessionInterfaceController.swift */ = {isa = PBXFileReference; fileEncoding = 4; lastKnownFileType = sourcecode.swift; path = SessionInterfaceController.swift; sourceTree = "<group>"; };
		096B98D11C5E6C1D002B620C /* TrackSessionManager.swift */ = {isa = PBXFileReference; fileEncoding = 4; lastKnownFileType = sourcecode.swift; path = TrackSessionManager.swift; sourceTree = "<group>"; };
		096B98D31C5E6C47002B620C /* TrackSession.swift */ = {isa = PBXFileReference; fileEncoding = 4; lastKnownFileType = sourcecode.swift; path = TrackSession.swift; sourceTree = "<group>"; };
		096B98D51C5E837B002B620C /* DateCompare.swift */ = {isa = PBXFileReference; fileEncoding = 4; lastKnownFileType = sourcecode.swift; path = DateCompare.swift; sourceTree = "<group>"; };
		097DC2511C84913E0049D187 /* NVActivityIndicatorView.framework */ = {isa = PBXFileReference; lastKnownFileType = wrapper.framework; name = NVActivityIndicatorView.framework; path = Carthage/Build/iOS/NVActivityIndicatorView.framework; sourceTree = "<group>"; };
		097DC2551C84987C0049D187 /* UIViewControllerIndicator.swift */ = {isa = PBXFileReference; fileEncoding = 4; lastKnownFileType = sourcecode.swift; path = UIViewControllerIndicator.swift; sourceTree = "<group>"; };
		09D2ED241C56B7EE008A247D /* TracktionProto2.app */ = {isa = PBXFileReference; explicitFileType = wrapper.application; includeInIndex = 0; path = TracktionProto2.app; sourceTree = BUILT_PRODUCTS_DIR; };
		09D2ED271C56B7EE008A247D /* AppDelegate.swift */ = {isa = PBXFileReference; lastKnownFileType = sourcecode.swift; path = AppDelegate.swift; sourceTree = "<group>"; };
		09D2ED2C1C56B7EE008A247D /* Base */ = {isa = PBXFileReference; lastKnownFileType = file.storyboard; name = Base; path = Base.lproj/Main.storyboard; sourceTree = "<group>"; };
		09D2ED2E1C56B7EE008A247D /* Assets.xcassets */ = {isa = PBXFileReference; lastKnownFileType = folder.assetcatalog; path = Assets.xcassets; sourceTree = "<group>"; };
		09D2ED311C56B7EE008A247D /* Base */ = {isa = PBXFileReference; lastKnownFileType = file.storyboard; name = Base; path = Base.lproj/LaunchScreen.storyboard; sourceTree = "<group>"; };
		09D2ED331C56B7EE008A247D /* Info.plist */ = {isa = PBXFileReference; lastKnownFileType = text.plist.xml; path = Info.plist; sourceTree = "<group>"; };
		09D2ED361C56B7EE008A247D /* TracktionProto2 WatchKit App.app */ = {isa = PBXFileReference; explicitFileType = wrapper.application; includeInIndex = 0; path = "TracktionProto2 WatchKit App.app"; sourceTree = BUILT_PRODUCTS_DIR; };
		09D2ED3C1C56B7EE008A247D /* Base */ = {isa = PBXFileReference; lastKnownFileType = file.storyboard; name = Base; path = Base.lproj/Interface.storyboard; sourceTree = "<group>"; };
		09D2ED3E1C56B7EE008A247D /* Assets.xcassets */ = {isa = PBXFileReference; lastKnownFileType = folder.assetcatalog; path = Assets.xcassets; sourceTree = "<group>"; };
		09D2ED401C56B7EE008A247D /* Info.plist */ = {isa = PBXFileReference; lastKnownFileType = text.plist.xml; path = Info.plist; sourceTree = "<group>"; };
		09D2ED451C56B7EF008A247D /* TracktionProto2 WatchKit Extension.appex */ = {isa = PBXFileReference; explicitFileType = "wrapper.app-extension"; includeInIndex = 0; path = "TracktionProto2 WatchKit Extension.appex"; sourceTree = BUILT_PRODUCTS_DIR; };
		09D2ED4A1C56B7EF008A247D /* RecordingInterfaceController.swift */ = {isa = PBXFileReference; lastKnownFileType = sourcecode.swift; path = RecordingInterfaceController.swift; sourceTree = "<group>"; };
		09D2ED4C1C56B7EF008A247D /* ExtensionDelegate.swift */ = {isa = PBXFileReference; lastKnownFileType = sourcecode.swift; path = ExtensionDelegate.swift; sourceTree = "<group>"; };
		09D2ED4E1C56B7EF008A247D /* Assets.xcassets */ = {isa = PBXFileReference; lastKnownFileType = folder.assetcatalog; path = Assets.xcassets; sourceTree = "<group>"; };
		09D2ED501C56B7EF008A247D /* Info.plist */ = {isa = PBXFileReference; lastKnownFileType = text.plist.xml; path = Info.plist; sourceTree = "<group>"; };
		09F7350A1C711395002D03F0 /* Realm.framework */ = {isa = PBXFileReference; lastKnownFileType = wrapper.framework; name = Realm.framework; path = Carthage/Build/iOS/Realm.framework; sourceTree = "<group>"; };
		09F7350B1C711395002D03F0 /* RealmSwift.framework */ = {isa = PBXFileReference; lastKnownFileType = wrapper.framework; name = RealmSwift.framework; path = Carthage/Build/iOS/RealmSwift.framework; sourceTree = "<group>"; };
		09F735131C712139002D03F0 /* RealmLayer.swift */ = {isa = PBXFileReference; fileEncoding = 4; lastKnownFileType = sourcecode.swift; path = RealmLayer.swift; sourceTree = "<group>"; };
		09F735161C844C56002D03F0 /* WatchConnectivityLayer.swift */ = {isa = PBXFileReference; fileEncoding = 4; lastKnownFileType = sourcecode.swift; path = WatchConnectivityLayer.swift; sourceTree = "<group>"; };
		09F735191C84583A002D03F0 /* SessionsListVC.swift */ = {isa = PBXFileReference; fileEncoding = 4; lastKnownFileType = sourcecode.swift; path = SessionsListVC.swift; sourceTree = "<group>"; };
		09F7351B1C845868002D03F0 /* SessionDetailVC.swift */ = {isa = PBXFileReference; fileEncoding = 4; lastKnownFileType = sourcecode.swift; path = SessionDetailVC.swift; sourceTree = "<group>"; };
		09F7351E1C845972002D03F0 /* CellSession.swift */ = {isa = PBXFileReference; fileEncoding = 4; lastKnownFileType = sourcecode.swift; path = CellSession.swift; sourceTree = "<group>"; };
		09F735201C845998002D03F0 /* CellTrackEvent.swift */ = {isa = PBXFileReference; fileEncoding = 4; lastKnownFileType = sourcecode.swift; path = CellTrackEvent.swift; sourceTree = "<group>"; };
/* End PBXFileReference section */

/* Begin PBXFrameworksBuildPhase section */
		09D2ED211C56B7EE008A247D /* Frameworks */ = {
			isa = PBXFrameworksBuildPhase;
			buildActionMask = 2147483647;
			files = (
				09F7350E1C711395002D03F0 /* RealmSwift.framework in Frameworks */,
				09F7350C1C711395002D03F0 /* Realm.framework in Frameworks */,
				097DC2521C84913F0049D187 /* NVActivityIndicatorView.framework in Frameworks */,
			);
			runOnlyForDeploymentPostprocessing = 0;
		};
		09D2ED421C56B7EF008A247D /* Frameworks */ = {
			isa = PBXFrameworksBuildPhase;
			buildActionMask = 2147483647;
			files = (
			);
			runOnlyForDeploymentPostprocessing = 0;
		};
/* End PBXFrameworksBuildPhase section */

/* Begin PBXGroup section */
		097DC2541C8498080049D187 /* UtilsUI */ = {
			isa = PBXGroup;
			children = (
				097DC2551C84987C0049D187 /* UIViewControllerIndicator.swift */,
			);
			path = UtilsUI;
			sourceTree = "<group>";
		};
		09D2ED1B1C56B7EE008A247D = {
			isa = PBXGroup;
			children = (
				097DC2511C84913E0049D187 /* NVActivityIndicatorView.framework */,
				09F7350A1C711395002D03F0 /* Realm.framework */,
				09F7350B1C711395002D03F0 /* RealmSwift.framework */,
				09D2ED261C56B7EE008A247D /* TracktionProto2 */,
				09D2ED3A1C56B7EE008A247D /* TracktionProto2 WatchKit App */,
				09D2ED491C56B7EF008A247D /* TracktionProto2 WatchKit Extension */,
				09D2ED251C56B7EE008A247D /* Products */,
			);
			sourceTree = "<group>";
		};
		09D2ED251C56B7EE008A247D /* Products */ = {
			isa = PBXGroup;
			children = (
				09D2ED241C56B7EE008A247D /* TracktionProto2.app */,
				09D2ED361C56B7EE008A247D /* TracktionProto2 WatchKit App.app */,
				09D2ED451C56B7EF008A247D /* TracktionProto2 WatchKit Extension.appex */,
			);
			name = Products;
			sourceTree = "<group>";
		};
		09D2ED261C56B7EE008A247D /* TracktionProto2 */ = {
			isa = PBXGroup;
			children = (
				097DC2541C8498080049D187 /* UtilsUI */,
				09F7351D1C84592F002D03F0 /* TableViewCells */,
				09F735181C8457AF002D03F0 /* ViewControllers */,
				09F735151C844BF7002D03F0 /* WatchConnectivity */,
				09F735121C7120DC002D03F0 /* RealmStack */,
				09D2ED271C56B7EE008A247D /* AppDelegate.swift */,
				09D2ED2B1C56B7EE008A247D /* Main.storyboard */,
				09D2ED2E1C56B7EE008A247D /* Assets.xcassets */,
				09D2ED301C56B7EE008A247D /* LaunchScreen.storyboard */,
				09D2ED331C56B7EE008A247D /* Info.plist */,
			);
			path = TracktionProto2;
			sourceTree = "<group>";
		};
		09D2ED3A1C56B7EE008A247D /* TracktionProto2 WatchKit App */ = {
			isa = PBXGroup;
			children = (
				09D2ED3B1C56B7EE008A247D /* Interface.storyboard */,
				09D2ED3E1C56B7EE008A247D /* Assets.xcassets */,
				09D2ED401C56B7EE008A247D /* Info.plist */,
			);
			path = "TracktionProto2 WatchKit App";
			sourceTree = "<group>";
		};
		09D2ED491C56B7EF008A247D /* TracktionProto2 WatchKit Extension */ = {
			isa = PBXGroup;
			children = (
				09D2ED4E1C56B7EF008A247D /* Assets.xcassets */,
				09D2ED4C1C56B7EF008A247D /* ExtensionDelegate.swift */,
				09D2ED501C56B7EF008A247D /* Info.plist */,
				09D2ED4A1C56B7EF008A247D /* RecordingInterfaceController.swift */,
				096B98CF1C5E6A2F002B620C /* SessionInterfaceController.swift */,
				096B98D11C5E6C1D002B620C /* TrackSessionManager.swift */,
				096B98D31C5E6C47002B620C /* TrackSession.swift */,
				096B98D51C5E837B002B620C /* DateCompare.swift */,
				0919897E1C665D0400D72DCE /* ErrorInterfaceController.swift */,
				091989801C6672F000D72DCE /* PlatformHelper.swift */,
			);
			path = "TracktionProto2 WatchKit Extension";
			sourceTree = "<group>";
		};
		09F735121C7120DC002D03F0 /* RealmStack */ = {
			isa = PBXGroup;
			children = (
				09F735131C712139002D03F0 /* RealmLayer.swift */,
			);
			path = RealmStack;
			sourceTree = "<group>";
		};
		09F735151C844BF7002D03F0 /* WatchConnectivity */ = {
			isa = PBXGroup;
			children = (
				09F735161C844C56002D03F0 /* WatchConnectivityLayer.swift */,
			);
			path = WatchConnectivity;
			sourceTree = "<group>";
		};
		09F735181C8457AF002D03F0 /* ViewControllers */ = {
			isa = PBXGroup;
			children = (
				09F735191C84583A002D03F0 /* SessionsListVC.swift */,
				09F7351B1C845868002D03F0 /* SessionDetailVC.swift */,
			);
			path = ViewControllers;
			sourceTree = "<group>";
		};
		09F7351D1C84592F002D03F0 /* TableViewCells */ = {
			isa = PBXGroup;
			children = (
				09F7351E1C845972002D03F0 /* CellSession.swift */,
				09F735201C845998002D03F0 /* CellTrackEvent.swift */,
			);
			path = TableViewCells;
			sourceTree = "<group>";
		};
/* End PBXGroup section */

/* Begin PBXNativeTarget section */
		09D2ED231C56B7EE008A247D /* TracktionProto2 */ = {
			isa = PBXNativeTarget;
			buildConfigurationList = 09D2ED5B1C56B7EF008A247D /* Build configuration list for PBXNativeTarget "TracktionProto2" */;
			buildPhases = (
				09D2ED201C56B7EE008A247D /* Sources */,
				09D2ED211C56B7EE008A247D /* Frameworks */,
				09D2ED221C56B7EE008A247D /* Resources */,
				09D2ED5A1C56B7EF008A247D /* Embed Watch Content */,
				09F735101C711395002D03F0 /* Embed Frameworks */,
				09F735111C7113EB002D03F0 /* Run Script Carthage */,
			);
			buildRules = (
			);
			dependencies = (
				09D2ED391C56B7EE008A247D /* PBXTargetDependency */,
			);
			name = TracktionProto2;
			productName = TracktionProto2;
			productReference = 09D2ED241C56B7EE008A247D /* TracktionProto2.app */;
			productType = "com.apple.product-type.application";
		};
		09D2ED351C56B7EE008A247D /* TracktionProto2 WatchKit App */ = {
			isa = PBXNativeTarget;
			buildConfigurationList = 09D2ED571C56B7EF008A247D /* Build configuration list for PBXNativeTarget "TracktionProto2 WatchKit App" */;
			buildPhases = (
				09D2ED341C56B7EE008A247D /* Resources */,
				09D2ED561C56B7EF008A247D /* Embed App Extensions */,
			);
			buildRules = (
			);
			dependencies = (
				09D2ED481C56B7EF008A247D /* PBXTargetDependency */,
			);
			name = "TracktionProto2 WatchKit App";
			productName = "TracktionProto2 WatchKit App";
			productReference = 09D2ED361C56B7EE008A247D /* TracktionProto2 WatchKit App.app */;
			productType = "com.apple.product-type.application.watchapp2";
		};
		09D2ED441C56B7EF008A247D /* TracktionProto2 WatchKit Extension */ = {
			isa = PBXNativeTarget;
			buildConfigurationList = 09D2ED531C56B7EF008A247D /* Build configuration list for PBXNativeTarget "TracktionProto2 WatchKit Extension" */;
			buildPhases = (
				09D2ED411C56B7EF008A247D /* Sources */,
				09D2ED421C56B7EF008A247D /* Frameworks */,
				09D2ED431C56B7EF008A247D /* Resources */,
			);
			buildRules = (
			);
			dependencies = (
			);
			name = "TracktionProto2 WatchKit Extension";
			productName = "TracktionProto2 WatchKit Extension";
			productReference = 09D2ED451C56B7EF008A247D /* TracktionProto2 WatchKit Extension.appex */;
			productType = "com.apple.product-type.watchkit2-extension";
		};
/* End PBXNativeTarget section */

/* Begin PBXProject section */
		09D2ED1C1C56B7EE008A247D /* Project object */ = {
			isa = PBXProject;
			attributes = {
				LastSwiftUpdateCheck = 0720;
				LastUpgradeCheck = 0720;
				ORGANIZATIONNAME = "Hervé PEROTEAU";
				TargetAttributes = {
					09D2ED231C56B7EE008A247D = {
						CreatedOnToolsVersion = 7.2;
					};
					09D2ED351C56B7EE008A247D = {
						CreatedOnToolsVersion = 7.2;
					};
					09D2ED441C56B7EF008A247D = {
						CreatedOnToolsVersion = 7.2;
					};
				};
			};
			buildConfigurationList = 09D2ED1F1C56B7EE008A247D /* Build configuration list for PBXProject "TracktionProto2" */;
			compatibilityVersion = "Xcode 3.2";
			developmentRegion = English;
			hasScannedForEncodings = 0;
			knownRegions = (
				en,
				Base,
			);
			mainGroup = 09D2ED1B1C56B7EE008A247D;
			productRefGroup = 09D2ED251C56B7EE008A247D /* Products */;
			projectDirPath = "";
			projectRoot = "";
			targets = (
				09D2ED231C56B7EE008A247D /* TracktionProto2 */,
				09D2ED351C56B7EE008A247D /* TracktionProto2 WatchKit App */,
				09D2ED441C56B7EF008A247D /* TracktionProto2 WatchKit Extension */,
			);
		};
/* End PBXProject section */

/* Begin PBXResourcesBuildPhase section */
		09D2ED221C56B7EE008A247D /* Resources */ = {
			isa = PBXResourcesBuildPhase;
			buildActionMask = 2147483647;
			files = (
				09D2ED321C56B7EE008A247D /* LaunchScreen.storyboard in Resources */,
				09D2ED2F1C56B7EE008A247D /* Assets.xcassets in Resources */,
				09D2ED2D1C56B7EE008A247D /* Main.storyboard in Resources */,
			);
			runOnlyForDeploymentPostprocessing = 0;
		};
		09D2ED341C56B7EE008A247D /* Resources */ = {
			isa = PBXResourcesBuildPhase;
			buildActionMask = 2147483647;
			files = (
				09D2ED3F1C56B7EE008A247D /* Assets.xcassets in Resources */,
				09D2ED3D1C56B7EE008A247D /* Interface.storyboard in Resources */,
			);
			runOnlyForDeploymentPostprocessing = 0;
		};
		09D2ED431C56B7EF008A247D /* Resources */ = {
			isa = PBXResourcesBuildPhase;
			buildActionMask = 2147483647;
			files = (
				09D2ED4F1C56B7EF008A247D /* Assets.xcassets in Resources */,
			);
			runOnlyForDeploymentPostprocessing = 0;
		};
/* End PBXResourcesBuildPhase section */

/* Begin PBXShellScriptBuildPhase section */
		09F735111C7113EB002D03F0 /* Run Script Carthage */ = {
			isa = PBXShellScriptBuildPhase;
			buildActionMask = 2147483647;
			files = (
			);
			inputPaths = (
				"$(SRCROOT)/Carthage/Build/iOS/RealmSwift.framework",
				"$(SRCROOT)/Carthage/Build/iOS/Realm.framework",
				"$(SRCROOT)/Carthage/Build/iOS/NVActivityIndicatorView.framework",
			);
			name = "Run Script Carthage";
			outputPaths = (
			);
			runOnlyForDeploymentPostprocessing = 0;
			shellPath = /bin/sh;
			shellScript = "/usr/local/bin/carthage copy-frameworks";
		};
/* End PBXShellScriptBuildPhase section */

/* Begin PBXSourcesBuildPhase section */
		09D2ED201C56B7EE008A247D /* Sources */ = {
			isa = PBXSourcesBuildPhase;
			buildActionMask = 2147483647;
			files = (
				09F735171C844C56002D03F0 /* WatchConnectivityLayer.swift in Sources */,
				09F735211C845998002D03F0 /* CellTrackEvent.swift in Sources */,
				09F7351C1C845868002D03F0 /* SessionDetailVC.swift in Sources */,
				09D2ED281C56B7EE008A247D /* AppDelegate.swift in Sources */,
				097DC2561C84987C0049D187 /* UIViewControllerIndicator.swift in Sources */,
				09F735141C712139002D03F0 /* RealmLayer.swift in Sources */,
				09F7351F1C845972002D03F0 /* CellSession.swift in Sources */,
				09F7351A1C84583A002D03F0 /* SessionsListVC.swift in Sources */,
			);
			runOnlyForDeploymentPostprocessing = 0;
		};
		09D2ED411C56B7EF008A247D /* Sources */ = {
			isa = PBXSourcesBuildPhase;
			buildActionMask = 2147483647;
			files = (
				096B98D41C5E6C47002B620C /* TrackSession.swift in Sources */,
				096B98D21C5E6C1D002B620C /* TrackSessionManager.swift in Sources */,
				096B98D01C5E6A2F002B620C /* SessionInterfaceController.swift in Sources */,
				09D2ED4D1C56B7EF008A247D /* ExtensionDelegate.swift in Sources */,
				091989811C6672F000D72DCE /* PlatformHelper.swift in Sources */,
				0919897F1C665D0400D72DCE /* ErrorInterfaceController.swift in Sources */,
				09D2ED4B1C56B7EF008A247D /* RecordingInterfaceController.swift in Sources */,
				096B98D61C5E837B002B620C /* DateCompare.swift in Sources */,
			);
			runOnlyForDeploymentPostprocessing = 0;
		};
/* End PBXSourcesBuildPhase section */

/* Begin PBXTargetDependency section */
		09D2ED391C56B7EE008A247D /* PBXTargetDependency */ = {
			isa = PBXTargetDependency;
			target = 09D2ED351C56B7EE008A247D /* TracktionProto2 WatchKit App */;
			targetProxy = 09D2ED381C56B7EE008A247D /* PBXContainerItemProxy */;
		};
		09D2ED481C56B7EF008A247D /* PBXTargetDependency */ = {
			isa = PBXTargetDependency;
			target = 09D2ED441C56B7EF008A247D /* TracktionProto2 WatchKit Extension */;
			targetProxy = 09D2ED471C56B7EF008A247D /* PBXContainerItemProxy */;
		};
/* End PBXTargetDependency section */

/* Begin PBXVariantGroup section */
		09D2ED2B1C56B7EE008A247D /* Main.storyboard */ = {
			isa = PBXVariantGroup;
			children = (
				09D2ED2C1C56B7EE008A247D /* Base */,
			);
			name = Main.storyboard;
			sourceTree = "<group>";
		};
		09D2ED301C56B7EE008A247D /* LaunchScreen.storyboard */ = {
			isa = PBXVariantGroup;
			children = (
				09D2ED311C56B7EE008A247D /* Base */,
			);
			name = LaunchScreen.storyboard;
			sourceTree = "<group>";
		};
		09D2ED3B1C56B7EE008A247D /* Interface.storyboard */ = {
			isa = PBXVariantGroup;
			children = (
				09D2ED3C1C56B7EE008A247D /* Base */,
			);
			name = Interface.storyboard;
			sourceTree = "<group>";
		};
/* End PBXVariantGroup section */

/* Begin XCBuildConfiguration section */
		09D2ED511C56B7EF008A247D /* Debug */ = {
			isa = XCBuildConfiguration;
			buildSettings = {
				ALWAYS_SEARCH_USER_PATHS = NO;
				CLANG_CXX_LANGUAGE_STANDARD = "gnu++0x";
				CLANG_CXX_LIBRARY = "libc++";
				CLANG_ENABLE_MODULES = YES;
				CLANG_ENABLE_OBJC_ARC = YES;
				CLANG_WARN_BOOL_CONVERSION = YES;
				CLANG_WARN_CONSTANT_CONVERSION = YES;
				CLANG_WARN_DIRECT_OBJC_ISA_USAGE = YES_ERROR;
				CLANG_WARN_EMPTY_BODY = YES;
				CLANG_WARN_ENUM_CONVERSION = YES;
				CLANG_WARN_INT_CONVERSION = YES;
				CLANG_WARN_OBJC_ROOT_CLASS = YES_ERROR;
				CLANG_WARN_UNREACHABLE_CODE = YES;
				CLANG_WARN__DUPLICATE_METHOD_MATCH = YES;
				"CODE_SIGN_IDENTITY[sdk=iphoneos*]" = "iPhone Developer";
				COPY_PHASE_STRIP = NO;
				DEBUG_INFORMATION_FORMAT = dwarf;
				ENABLE_STRICT_OBJC_MSGSEND = YES;
				ENABLE_TESTABILITY = YES;
				GCC_C_LANGUAGE_STANDARD = gnu99;
				GCC_DYNAMIC_NO_PIC = NO;
				GCC_NO_COMMON_BLOCKS = YES;
				GCC_OPTIMIZATION_LEVEL = 0;
				GCC_PREPROCESSOR_DEFINITIONS = (
					"DEBUG=1",
					"$(inherited)",
				);
				GCC_WARN_64_TO_32_BIT_CONVERSION = YES;
				GCC_WARN_ABOUT_RETURN_TYPE = YES_ERROR;
				GCC_WARN_UNDECLARED_SELECTOR = YES;
				GCC_WARN_UNINITIALIZED_AUTOS = YES_AGGRESSIVE;
				GCC_WARN_UNUSED_FUNCTION = YES;
				GCC_WARN_UNUSED_VARIABLE = YES;
				IPHONEOS_DEPLOYMENT_TARGET = 9.2;
				MTL_ENABLE_DEBUG_INFO = YES;
				ONLY_ACTIVE_ARCH = YES;
				SDKROOT = iphoneos;
				SWIFT_OPTIMIZATION_LEVEL = "-Onone";
			};
			name = Debug;
		};
		09D2ED521C56B7EF008A247D /* Release */ = {
			isa = XCBuildConfiguration;
			buildSettings = {
				ALWAYS_SEARCH_USER_PATHS = NO;
				CLANG_CXX_LANGUAGE_STANDARD = "gnu++0x";
				CLANG_CXX_LIBRARY = "libc++";
				CLANG_ENABLE_MODULES = YES;
				CLANG_ENABLE_OBJC_ARC = YES;
				CLANG_WARN_BOOL_CONVERSION = YES;
				CLANG_WARN_CONSTANT_CONVERSION = YES;
				CLANG_WARN_DIRECT_OBJC_ISA_USAGE = YES_ERROR;
				CLANG_WARN_EMPTY_BODY = YES;
				CLANG_WARN_ENUM_CONVERSION = YES;
				CLANG_WARN_INT_CONVERSION = YES;
				CLANG_WARN_OBJC_ROOT_CLASS = YES_ERROR;
				CLANG_WARN_UNREACHABLE_CODE = YES;
				CLANG_WARN__DUPLICATE_METHOD_MATCH = YES;
				"CODE_SIGN_IDENTITY[sdk=iphoneos*]" = "iPhone Developer";
				COPY_PHASE_STRIP = NO;
				DEBUG_INFORMATION_FORMAT = "dwarf-with-dsym";
				ENABLE_NS_ASSERTIONS = NO;
				ENABLE_STRICT_OBJC_MSGSEND = YES;
				GCC_C_LANGUAGE_STANDARD = gnu99;
				GCC_NO_COMMON_BLOCKS = YES;
				GCC_WARN_64_TO_32_BIT_CONVERSION = YES;
				GCC_WARN_ABOUT_RETURN_TYPE = YES_ERROR;
				GCC_WARN_UNDECLARED_SELECTOR = YES;
				GCC_WARN_UNINITIALIZED_AUTOS = YES_AGGRESSIVE;
				GCC_WARN_UNUSED_FUNCTION = YES;
				GCC_WARN_UNUSED_VARIABLE = YES;
				IPHONEOS_DEPLOYMENT_TARGET = 9.2;
				MTL_ENABLE_DEBUG_INFO = NO;
				SDKROOT = iphoneos;
				VALIDATE_PRODUCT = YES;
			};
			name = Release;
		};
		09D2ED541C56B7EF008A247D /* Debug */ = {
			isa = XCBuildConfiguration;
			buildSettings = {
				INFOPLIST_FILE = "TracktionProto2 WatchKit Extension/Info.plist";
				LD_RUNPATH_SEARCH_PATHS = "$(inherited) @executable_path/Frameworks @executable_path/../../Frameworks";
				PRODUCT_BUNDLE_IDENTIFIER = com.peroteau.herve.TracktionProto2.watchkitapp.watchkitextension;
				PRODUCT_NAME = "${TARGET_NAME}";
				SDKROOT = watchos;
				SKIP_INSTALL = YES;
				TARGETED_DEVICE_FAMILY = 4;
				WATCHOS_DEPLOYMENT_TARGET = 2.1;
			};
			name = Debug;
		};
		09D2ED551C56B7EF008A247D /* Release */ = {
			isa = XCBuildConfiguration;
			buildSettings = {
				INFOPLIST_FILE = "TracktionProto2 WatchKit Extension/Info.plist";
				LD_RUNPATH_SEARCH_PATHS = "$(inherited) @executable_path/Frameworks @executable_path/../../Frameworks";
				PRODUCT_BUNDLE_IDENTIFIER = com.peroteau.herve.TracktionProto2.watchkitapp.watchkitextension;
				PRODUCT_NAME = "${TARGET_NAME}";
				SDKROOT = watchos;
				SKIP_INSTALL = YES;
				TARGETED_DEVICE_FAMILY = 4;
				WATCHOS_DEPLOYMENT_TARGET = 2.1;
			};
			name = Release;
		};
		09D2ED581C56B7EF008A247D /* Debug */ = {
			isa = XCBuildConfiguration;
			buildSettings = {
				ASSETCATALOG_COMPILER_APPICON_NAME = AppIcon;
				EMBEDDED_CONTENT_CONTAINS_SWIFT = YES;
				IBSC_MODULE = TracktionProto2_WatchKit_Extension;
				INFOPLIST_FILE = "TracktionProto2 WatchKit App/Info.plist";
				PRODUCT_BUNDLE_IDENTIFIER = com.peroteau.herve.TracktionProto2.watchkitapp;
				PRODUCT_NAME = "$(TARGET_NAME)";
				SDKROOT = watchos;
				SKIP_INSTALL = YES;
				TARGETED_DEVICE_FAMILY = 4;
				WATCHOS_DEPLOYMENT_TARGET = 2.1;
			};
			name = Debug;
		};
		09D2ED591C56B7EF008A247D /* Release */ = {
			isa = XCBuildConfiguration;
			buildSettings = {
				ASSETCATALOG_COMPILER_APPICON_NAME = AppIcon;
				EMBEDDED_CONTENT_CONTAINS_SWIFT = YES;
				IBSC_MODULE = TracktionProto2_WatchKit_Extension;
				INFOPLIST_FILE = "TracktionProto2 WatchKit App/Info.plist";
				PRODUCT_BUNDLE_IDENTIFIER = com.peroteau.herve.TracktionProto2.watchkitapp;
				PRODUCT_NAME = "$(TARGET_NAME)";
				SDKROOT = watchos;
				SKIP_INSTALL = YES;
				TARGETED_DEVICE_FAMILY = 4;
				WATCHOS_DEPLOYMENT_TARGET = 2.1;
			};
			name = Release;
		};
		09D2ED5C1C56B7EF008A247D /* Debug */ = {
			isa = XCBuildConfiguration;
			buildSettings = {
				ASSETCATALOG_COMPILER_APPICON_NAME = AppIcon;
				FRAMEWORK_SEARCH_PATHS = (
					"$(inherited)",
					"$(PROJECT_DIR)/Carthage/Build/iOS",
				);
				INFOPLIST_FILE = TracktionProto2/Info.plist;
				LD_RUNPATH_SEARCH_PATHS = "$(inherited) @executable_path/Frameworks";
				PRODUCT_BUNDLE_IDENTIFIER = com.peroteau.herve.TracktionProto2;
				PRODUCT_NAME = "$(TARGET_NAME)";
			};
			name = Debug;
		};
		09D2ED5D1C56B7EF008A247D /* Release */ = {
			isa = XCBuildConfiguration;
			buildSettings = {
				ASSETCATALOG_COMPILER_APPICON_NAME = AppIcon;
				FRAMEWORK_SEARCH_PATHS = (
					"$(inherited)",
					"$(PROJECT_DIR)/Carthage/Build/iOS",
				);
				INFOPLIST_FILE = TracktionProto2/Info.plist;
				LD_RUNPATH_SEARCH_PATHS = "$(inherited) @executable_path/Frameworks";
				PRODUCT_BUNDLE_IDENTIFIER = com.peroteau.herve.TracktionProto2;
				PRODUCT_NAME = "$(TARGET_NAME)";
			};
			name = Release;
		};
/* End XCBuildConfiguration section */

/* Begin XCConfigurationList section */
		09D2ED1F1C56B7EE008A247D /* Build configuration list for PBXProject "TracktionProto2" */ = {
			isa = XCConfigurationList;
			buildConfigurations = (
				09D2ED511C56B7EF008A247D /* Debug */,
				09D2ED521C56B7EF008A247D /* Release */,
			);
			defaultConfigurationIsVisible = 0;
			defaultConfigurationName = Release;
		};
		09D2ED531C56B7EF008A247D /* Build configuration list for PBXNativeTarget "TracktionProto2 WatchKit Extension" */ = {
			isa = XCConfigurationList;
			buildConfigurations = (
				09D2ED541C56B7EF008A247D /* Debug */,
				09D2ED551C56B7EF008A247D /* Release */,
			);
			defaultConfigurationIsVisible = 0;
			defaultConfigurationName = Release;
		};
		09D2ED571C56B7EF008A247D /* Build configuration list for PBXNativeTarget "TracktionProto2 WatchKit App" */ = {
			isa = XCConfigurationList;
			buildConfigurations = (
				09D2ED581C56B7EF008A247D /* Debug */,
				09D2ED591C56B7EF008A247D /* Release */,
			);
			defaultConfigurationIsVisible = 0;
			defaultConfigurationName = Release;
		};
		09D2ED5B1C56B7EF008A247D /* Build configuration list for PBXNativeTarget "TracktionProto2" */ = {
			isa = XCConfigurationList;
			buildConfigurations = (
				09D2ED5C1C56B7EF008A247D /* Debug */,
				09D2ED5D1C56B7EF008A247D /* Release */,
			);
			defaultConfigurationIsVisible = 0;
			defaultConfigurationName = Release;
		};
/* End XCConfigurationList section */
	};
	rootObject = 09D2ED1C1C56B7EE008A247D /* Project object */;
}
